#MicroXplorer Configuration settings - do not modify
ADC1.Channel-23\#ChannelRegularConversion=ADC_CHANNEL_10
ADC1.ClockPrescaler=ADC_CLOCKPRESCALER_PCLK_DIV2
ADC1.IPParameters=NbrOfConversionFlag,Channel-23\#ChannelRegularConversion,ClockPrescaler,master
ADC1.NbrOfConversionFlag=1
ADC1.master=1
File.Version=6
KeepUserPlacement=false
Mcu.Family=STM32F4
Mcu.IP0=ADC1
Mcu.IP1=NVIC
Mcu.IP2=RCC
Mcu.IP3=TIM1
Mcu.IP4=TIM2
Mcu.IP5=TIM3
Mcu.IP6=UART4
Mcu.IP7=USART3
Mcu.IPNb=8
Mcu.Name=STM32F417V(E-G)Tx
Mcu.Package=LQFP100
Mcu.Pin0=PH0-OSC_IN
Mcu.Pin1=PH1-OSC_OUT
Mcu.Pin10=PE8
Mcu.Pin11=PE9
Mcu.Pin12=PE10
Mcu.Pin13=PE11
Mcu.Pin14=PE12
Mcu.Pin15=PE13
Mcu.Pin16=PE14
Mcu.Pin17=PB10
Mcu.Pin18=PB11
Mcu.Pin19=PB12
Mcu.Pin2=PC0
Mcu.Pin20=PB13
Mcu.Pin21=PD8
Mcu.Pin22=PD9
Mcu.Pin23=PD10
Mcu.Pin24=PD11
Mcu.Pin25=PD12
Mcu.Pin26=PD13
Mcu.Pin27=PD14
Mcu.Pin28=PD15
Mcu.Pin29=PC6
Mcu.Pin3=PC1
Mcu.Pin30=PC7
Mcu.Pin31=PD0
Mcu.Pin32=PD1
Mcu.Pin33=PB4
Mcu.Pin34=VP_TIM1_VS_ClockSourceINT
Mcu.Pin35=VP_TIM2_VS_ClockSourceINT
Mcu.Pin36=VP_TIM2_VS_no_output1
Mcu.Pin37=VP_TIM3_VS_ControllerModeGated
Mcu.Pin38=VP_TIM3_VS_ClockSourceINT
Mcu.Pin4=PC2
Mcu.Pin5=PC3
Mcu.Pin6=PA0-WKUP
Mcu.Pin7=PA1
Mcu.Pin8=PA2
Mcu.Pin9=PE7
Mcu.PinsNb=39
Mcu.UserConstants=
Mcu.UserName=STM32F417VGTx
MxCube.Version=4.8.0
MxDb.Version=DB.4.0.80
NVIC.PriorityGroup=NVIC_PRIORITYGROUP_4
NVIC.SysTick_IRQn=true\:0\:0\:true
NVIC.TIM1_CC_IRQn=true\:0\:0\:false
NVIC.TIM2_IRQn=true\:0\:0\:false
NVIC.TIM3_IRQn=true\:0\:0\:false
NVIC.USART3_IRQn=true\:0\:0\:false
PA0-WKUP.Locked=true
PA0-WKUP.Mode=Asynchronous
PA0-WKUP.Signal=UART4_TX
PA1.Locked=true
PA1.Mode=Asynchronous
PA1.Signal=UART4_RX
PA2.Locked=true
PA2.Signal=GPIO_Output
PB10.Mode=Asynchronous
PB10.Signal=USART3_TX
PB11.Mode=Asynchronous
PB11.Signal=USART3_RX
PB12.Locked=true
PB12.Signal=GPIO_Output
PB13.Locked=true
PB13.Signal=GPIO_Output
PB4.Locked=true
PB4.Signal=S_TIM3_CH1
PC0.Locked=true
PC0.Signal=ADCx_IN10
PC1.Locked=true
PC1.Signal=ADCx_IN11
PC2.Locked=true
PC2.Signal=ADCx_IN12
PC3.Locked=true
PC3.Signal=ADCx_IN13
PC6.Locked=true
PC6.Signal=GPIO_Output
PC7.Locked=true
PC7.Signal=GPIO_Output
PCC.Checker=false
PCC.Line=STM32F407/417
PCC.MCU=STM32F417V(E-G)Tx
PCC.MXVersion=4.19.0
PCC.PartNumber=STM32F417VGTx
PCC.Seq0=0
PCC.Series=STM32F4
PCC.Temperature=25
PCC.Vdd=3.3
PD0.Locked=true
PD0.Signal=GPIO_Input
PD1.Locked=true
PD1.Signal=GPIO_Input
PD10.Locked=true
PD10.Signal=GPIO_Output
PD11.Locked=true
PD11.Mode=CTS_RTS
PD11.Signal=USART3_CTS
PD12.Locked=true
PD12.Mode=CTS_RTS
PD12.Signal=USART3_RTS
PD13.Locked=true
PD13.Signal=GPIO_Output
PD14.Locked=true
PD14.Signal=GPIO_Output
PD15.Locked=true
PD15.Signal=GPIO_Output
PD8.Locked=true
PD8.Signal=GPIO_Output
PD9.Locked=true
PD9.Signal=GPIO_Output
PE10.GPIOParameters=GPIO_ModeDefaultPP,GPIO_Speed,GPIO_PuPd
PE10.GPIO_ModeDefaultPP=GPIO_MODE_AF_PP
PE10.GPIO_PuPd=GPIO_NOPULL
PE10.GPIO_Speed=GPIO_SPEED_FAST
PE10.Locked=true
PE10.Mode=PWM Generation2 CH2 CH2N
PE10.Signal=TIM1_CH2N
PE11.GPIOParameters=GPIO_ModeDefaultPP,GPIO_Speed,GPIO_PuPd
PE11.GPIO_ModeDefaultPP=GPIO_MODE_AF_PP
PE11.GPIO_PuPd=GPIO_NOPULL
PE11.GPIO_Speed=GPIO_SPEED_FAST
PE11.Signal=S_TIM1_CH2
PE12.GPIOParameters=GPIO_ModeDefaultPP,GPIO_Speed,GPIO_PuPd
PE12.GPIO_ModeDefaultPP=GPIO_MODE_AF_PP
PE12.GPIO_PuPd=GPIO_NOPULL
PE12.GPIO_Speed=GPIO_SPEED_FAST
PE12.Locked=true
PE12.Mode=PWM Generation3 CH3 CH3N
PE12.Signal=TIM1_CH3N
PE13.GPIOParameters=GPIO_ModeDefaultPP,GPIO_Speed,GPIO_PuPd
PE13.GPIO_ModeDefaultPP=GPIO_MODE_AF_PP
PE13.GPIO_PuPd=GPIO_NOPULL
PE13.GPIO_Speed=GPIO_SPEED_FAST
PE13.Signal=S_TIM1_CH3
PE14.GPIOParameters=GPIO_ModeDefaultPP,GPIO_Speed,GPIO_PuPd
PE14.GPIO_ModeDefaultPP=GPIO_MODE_AF_PP
PE14.GPIO_PuPd=GPIO_NOPULL
PE14.GPIO_Speed=GPIO_SPEED_FAST
PE14.Signal=S_TIM1_CH4
PE7.Locked=true
PE7.Signal=GPIO_Input
PE8.GPIOParameters=GPIO_ModeDefaultPP,GPIO_Speed,GPIO_PuPd
PE8.GPIO_ModeDefaultPP=GPIO_MODE_AF_PP
PE8.GPIO_PuPd=GPIO_NOPULL
PE8.GPIO_Speed=GPIO_SPEED_FAST
PE8.Locked=true
PE8.Mode=PWM Generation1 CH1 CH1N
PE8.Signal=TIM1_CH1N
PE9.GPIOParameters=GPIO_ModeDefaultPP,GPIO_Speed,GPIO_PuPd
PE9.GPIO_ModeDefaultPP=GPIO_MODE_AF_PP
PE9.GPIO_PuPd=GPIO_NOPULL
PE9.GPIO_Speed=GPIO_SPEED_FAST
PE9.Locked=true
PE9.Signal=S_TIM1_CH1
PH0-OSC_IN.Mode=HSE-External-Oscillator
PH0-OSC_IN.Signal=RCC_OSC_IN
PH1-OSC_OUT.Mode=HSE-External-Oscillator
PH1-OSC_OUT.Signal=RCC_OSC_OUT
ProjectManager.AskForMigrate=false
ProjectManager.BackupPrevious=true
ProjectManager.CompilerOptimize=2
ProjectManager.ComputerToolchain=false
ProjectManager.CoupleFile=false
ProjectManager.CustomerFirmwarePackage=
ProjectManager.DefaultFWLocation=true
ProjectManager.DeletePrevious=true
ProjectManager.DeviceId=STM32F417VGTx
ProjectManager.FirmwarePackage=STM32Cube FW_F4 V1.6.0
ProjectManager.FreePins=false
ProjectManager.HalAssertFull=false
ProjectManager.HeapSize=0x200
ProjectManager.KeepUserCode=true
ProjectManager.LastFirmware=true
ProjectManager.LibraryCopy=0
ProjectManager.PreviousToolchain=
ProjectManager.ProjectBuild=false
ProjectManager.ProjectFileName=vectorPWM.ioc
ProjectManager.ProjectName=vectorPWM
ProjectManager.StackSize=0x400
ProjectManager.TargetToolchain=EWARM
ProjectManager.ToolChainLocation=
ProjectManager.UnderRoot=false
ProjectManager.functionlistsort=1-MX_GPIO_Init-GPIO-false-HAL,2-SystemClock_Config-RCC-false-HAL,3-MX_ADC1_Init-ADC1-false-HAL,4-MX_TIM1_Init-TIM1-false-HAL,5-MX_TIM2_Init-TIM2-false-HAL,6-MX_TIM3_Init-TIM3-false-HAL,7-MX_UART4_Init-UART4-false-HAL,8-MX_USART3_UART_Init-USART3-false-HAL
RCC.48MHZClocksFreq_Value=84000000
RCC.AHBFreq_Value=168000000
RCC.APB1CLKDivider=RCC_HCLK_DIV4
RCC.APB1Freq_Value=42000000
RCC.APB1TimFreq_Value=84000000
RCC.APB2CLKDivider=RCC_HCLK_DIV2
RCC.APB2Freq_Value=84000000
RCC.APB2TimFreq_Value=168000000
RCC.CortexFreq_Value=168000000
RCC.EthernetFreq_Value=168000000
RCC.FCLKCortexFreq_Value=168000000
RCC.FamilyName=M
RCC.HCLKFreq_Value=168000000
RCC.HSE_VALUE=16000000
RCC.HSI_VALUE=16000000
RCC.I2SClocksFreq_Value=96000000
RCC.IPParameters=48MHZClocksFreq_Value,AHBFreq_Value,APB1CLKDivider,APB1Freq_Value,APB1TimFreq_Value,APB2CLKDivider,APB2Freq_Value,APB2TimFreq_Value,CortexFreq_Value,EthernetFreq_Value,FCLKCortexFreq_Value,FamilyName,HCLKFreq_Value,HSE_VALUE,HSI_VALUE,I2SClocksFreq_Value,LSE_VALUE,LSI_VALUE,MCO2PinFreq_Value,PLLCLKFreq_Value,PLLN,PLLSourceVirtual,RTCFreq_Value,RTCHSEDivFreq_Value,SYSCLKFreq_VALUE,SYSCLKSource,VCOI2SOutputFreq_Value,VCOInputFreq_Value,VCOOutputFreq_Value,VcooutputI2S
RCC.LSE_VALUE=32768
RCC.LSI_VALUE=32000
RCC.MCO2PinFreq_Value=168000000
RCC.PLLCLKFreq_Value=168000000
RCC.PLLN=336
RCC.PLLSourceVirtual=RCC_PLLSOURCE_HSE
RCC.RTCFreq_Value=32000
RCC.RTCHSEDivFreq_Value=8000000
RCC.SYSCLKFreq_VALUE=168000000
RCC.SYSCLKSource=RCC_SYSCLKSOURCE_PLLCLK
RCC.VCOI2SOutputFreq_Value=192000000
RCC.VCOInputFreq_Value=1000000
RCC.VCOOutputFreq_Value=336000000
RCC.VcooutputI2S=96000000
SH.ADCx_IN10.0=ADC1_IN10,IN10
SH.ADCx_IN10.ConfNb=1
SH.ADCx_IN11.0=ADC1_IN11,IN11
SH.ADCx_IN11.ConfNb=1
SH.ADCx_IN12.0=ADC1_IN12,IN12
SH.ADCx_IN12.ConfNb=1
SH.ADCx_IN13.0=ADC1_IN13,IN13
SH.ADCx_IN13.ConfNb=1
SH.S_TIM1_CH1.0=TIM1_CH1,PWM Generation1 CH1 CH1N
SH.S_TIM1_CH1.ConfNb=1
SH.S_TIM1_CH2.0=TIM1_CH2,PWM Generation2 CH2 CH2N
SH.S_TIM1_CH2.ConfNb=1
SH.S_TIM1_CH3.0=TIM1_CH3,PWM Generation3 CH3 CH3N
SH.S_TIM1_CH3.ConfNb=1
SH.S_TIM1_CH4.0=TIM1_CH4,PWM Generation4 CH4
SH.S_TIM1_CH4.ConfNb=1
SH.S_TIM3_CH1.0=TIM3_CH1,TriggerSource_TI1FP1
SH.S_TIM3_CH1.ConfNb=1
TIM1.AutomaticOutput=TIM_AUTOMATICOUTPUT_DISABLE
TIM1.Channel-PWM\ Generation2\ CH2\ CH2N=TIM_CHANNEL_2
TIM1.Channel-PWM\ Generation3\ CH3\ CH3N=TIM_CHANNEL_3
TIM1.Channel-PWM\ Generation4\ CH4=TIM_CHANNEL_4
TIM1.CounterMode=TIM_COUNTERMODE_CENTERALIGNED2
TIM1.DeadTime=10
TIM1.IPParameters=OCNPolarity_2,OCNPolarity_3,OCMode_PWM-PWM Generation4 CH4,AutomaticOutput,DeadTime,Pulse-PWM Generation4 CH4,Period,Channel-PWM Generation2 CH2 CH2N,OffStateRunMode,OffStateIDLEMode,CounterMode,Channel-PWM Generation4 CH4,Channel-PWM Generation3 CH3 CH3N,Pulse-PWM Generation3 CH3 CH3N,TIM_MasterSlaveMode,TIM_MasterOutputTrigger,OCMode_PWM-PWM Generation3 CH3 CH3N,OCMode_PWM-PWM Generation2 CH2 CH2N,Pulse-PWM Generation2 CH2 CH2N
TIM1.OCMode_PWM-PWM\ Generation2\ CH2\ CH2N=TIM_OCMODE_PWM1
TIM1.OCMode_PWM-PWM\ Generation3\ CH3\ CH3N=TIM_OCMODE_PWM1
TIM1.OCMode_PWM-PWM\ Generation4\ CH4=TIM_OCMODE_PWM1
TIM1.OCNPolarity_2=TIM_OCNPOLARITY_HIGH
TIM1.OCNPolarity_3=TIM_OCNPOLARITY_HIGH
TIM1.OffStateIDLEMode=TIM_OSSI_DISABLE
TIM1.OffStateRunMode=TIM_OSSR_DISABLE
TIM1.Period=8399
TIM1.Pulse-PWM\ Generation2\ CH2\ CH2N=2000
TIM1.Pulse-PWM\ Generation3\ CH3\ CH3N=3000
TIM1.Pulse-PWM\ Generation4\ CH4=4000
TIM1.TIM_MasterOutputTrigger=TIM_TRGO_UPDATE
TIM1.TIM_MasterSlaveMode=TIM_MASTERSLAVEMODE_DISABLE
TIM2.IPParameters=Prescaler,Period,Pulse-Output Compare1 No Output
TIM2.Period=65535
TIM2.Prescaler=168
TIM2.Pulse-Output\ Compare1\ No\ Output=1000
TIM3.IPParameters=Prescaler,Period
TIM3.Period=50000
TIM3.Prescaler=169
VP_TIM1_VS_ClockSourceINT.Mode=Internal
VP_TIM1_VS_ClockSourceINT.Signal=TIM1_VS_ClockSourceINT
VP_TIM2_VS_ClockSourceINT.Mode=Internal
VP_TIM2_VS_ClockSourceINT.Signal=TIM2_VS_ClockSourceINT
VP_TIM2_VS_no_output1.Mode=Output Compare1 No Output
VP_TIM2_VS_no_output1.Signal=TIM2_VS_no_output1
VP_TIM3_VS_ClockSourceINT.Mode=Internal
VP_TIM3_VS_ClockSourceINT.Signal=TIM3_VS_ClockSourceINT
VP_TIM3_VS_ControllerModeGated.Mode=Gated Mode
VP_TIM3_VS_ControllerModeGated.Signal=TIM3_VS_ControllerModeGated
board=vectorPWM
